
Microsoft Visual Studio Solution File, Format Version 12.00
# Visual Studio 15
VisualStudioVersion = 15.0.28010.2050
MinimumVisualStudioVersion = 10.0.40219.1
Project("{FAE04EC0-301F-11D3-BF4B-00C04F79EFBC}") = "TariffComparison", "TariffComparison\TariffComparison.csproj", "{8765D951-4A5D-4EDA-A78A-DC0FF0DDE943}"
EndProject
Project("{FAE04EC0-301F-11D3-BF4B-00C04F79EFBC}") = "UnitTests", "UnitTests\UnitTests.csproj", "{A2842A93-A2E3-4E44-BA48-46195502BBFF}"
EndProject
Global
	GlobalSection(SolutionConfigurationPlatforms) = preSolution
		Debug|Any CPU = Debug|Any CPU
		Release|Any CPU = Release|Any CPU
	EndGlobalSection
	GlobalSection(ProjectConfigurationPlatforms) = postSolution
		{8765D951-4A5D-4EDA-A78A-DC0FF0DDE943}.Debug|Any CPU.ActiveCfg = Debug|Any CPU
		{8765D951-4A5D-4EDA-A78A-DC0FF0DDE943}.Debug|Any CPU.Build.0 = Debug|Any CPU
		{8765D951-4A5D-4EDA-A78A-DC0FF0DDE943}.Release|Any CPU.ActiveCfg = Release|Any CPU
		{8765D951-4A5D-4EDA-A78A-DC0FF0DDE943}.Release|Any CPU.Build.0 = Release|Any CPU
		{A2842A93-A2E3-4E44-BA48-46195502BBFF}.Debug|Any CPU.ActiveCfg = Debug|Any CPU
		{A2842A93-A2E3-4E44-BA48-46195502BBFF}.Debug|Any CPU.Build.0 = Debug|Any CPU
		{A2842A93-A2E3-4E44-BA48-46195502BBFF}.Release|Any CPU.ActiveCfg = Release|Any CPU
		{A2842A93-A2E3-4E44-BA48-46195502BBFF}.Release|Any CPU.Build.0 = Release|Any CPU
	EndGlobalSection
	GlobalSection(SolutionProperties) = preSolution
		HideSolutionNode = FALSE
	EndGlobalSection
	GlobalSection(ExtensibilityGlobals) = postSolution
		SolutionGuid = {6A0A0EF5-4CA0-4F58-82D4-A1DF1C68E9CE}
	EndGlobalSection
EndGlobal
